
Microsoft Visual Studio Solution File, Format Version 12.00
# Visual Studio 15
VisualStudioVersion = 15.0.27130.2026
MinimumVisualStudioVersion = 10.0.40219.1
Project("{FAE04EC0-301F-11D3-BF4B-00C04F79EFBC}") = "S2Games.Web", "ControleDeAcesso.Web\S2Games.Web.csproj", "{8781E15C-4C38-4C48-A65E-DBEC4E1FDE4B}"
EndProject
Project("{FAE04EC0-301F-11D3-BF4B-00C04F79EFBC}") = "S2Games.DAL", "S2Games.DAO\S2Games.DAL.csproj", "{C95EF7E5-7985-488C-B019-07A10DC4961E}"
EndProject
Project("{FAE04EC0-301F-11D3-BF4B-00C04F79EFBC}") = "S2Games.Business", "S2Games.Business\S2Games.Business.csproj", "{D17B9CF1-46D6-468C-BD70-7218DAB61FAC}"
EndProject
Project("{FAE04EC0-301F-11D3-BF4B-00C04F79EFBC}") = "S2Games.Test", "S2Games.Test\S2Games.Test.csproj", "{D63A1B90-4E2B-41FE-9187-1BDCE59F0151}"
EndProject
Project("{FAE04EC0-301F-11D3-BF4B-00C04F79EFBC}") = "S2Games.Entities", "S2Games.Entities\S2Games.Entities.csproj", "{90D15717-72E5-4D80-971B-FB93A7F04B2A}"
EndProject
Project("{FAE04EC0-301F-11D3-BF4B-00C04F79EFBC}") = "Common", "Common\Common.csproj", "{43693B4C-E6B5-41A9-B3D0-00A06EB4FB3D}"
EndProject
Global
	GlobalSection(SolutionConfigurationPlatforms) = preSolution
		Debug|Any CPU = Debug|Any CPU
		Release|Any CPU = Release|Any CPU
	EndGlobalSection
	GlobalSection(ProjectConfigurationPlatforms) = postSolution
		{8781E15C-4C38-4C48-A65E-DBEC4E1FDE4B}.Debug|Any CPU.ActiveCfg = Debug|Any CPU
		{8781E15C-4C38-4C48-A65E-DBEC4E1FDE4B}.Debug|Any CPU.Build.0 = Debug|Any CPU
		{8781E15C-4C38-4C48-A65E-DBEC4E1FDE4B}.Release|Any CPU.ActiveCfg = Release|Any CPU
		{8781E15C-4C38-4C48-A65E-DBEC4E1FDE4B}.Release|Any CPU.Build.0 = Release|Any CPU
		{C95EF7E5-7985-488C-B019-07A10DC4961E}.Debug|Any CPU.ActiveCfg = Debug|Any CPU
		{C95EF7E5-7985-488C-B019-07A10DC4961E}.Debug|Any CPU.Build.0 = Debug|Any CPU
		{C95EF7E5-7985-488C-B019-07A10DC4961E}.Release|Any CPU.ActiveCfg = Release|Any CPU
		{C95EF7E5-7985-488C-B019-07A10DC4961E}.Release|Any CPU.Build.0 = Release|Any CPU
		{D17B9CF1-46D6-468C-BD70-7218DAB61FAC}.Debug|Any CPU.ActiveCfg = Debug|Any CPU
		{D17B9CF1-46D6-468C-BD70-7218DAB61FAC}.Debug|Any CPU.Build.0 = Debug|Any CPU
		{D17B9CF1-46D6-468C-BD70-7218DAB61FAC}.Release|Any CPU.ActiveCfg = Release|Any CPU
		{D17B9CF1-46D6-468C-BD70-7218DAB61FAC}.Release|Any CPU.Build.0 = Release|Any CPU
		{D63A1B90-4E2B-41FE-9187-1BDCE59F0151}.Debug|Any CPU.ActiveCfg = Debug|Any CPU
		{D63A1B90-4E2B-41FE-9187-1BDCE59F0151}.Debug|Any CPU.Build.0 = Debug|Any CPU
		{D63A1B90-4E2B-41FE-9187-1BDCE59F0151}.Release|Any CPU.ActiveCfg = Release|Any CPU
		{D63A1B90-4E2B-41FE-9187-1BDCE59F0151}.Release|Any CPU.Build.0 = Release|Any CPU
		{90D15717-72E5-4D80-971B-FB93A7F04B2A}.Debug|Any CPU.ActiveCfg = Debug|Any CPU
		{90D15717-72E5-4D80-971B-FB93A7F04B2A}.Debug|Any CPU.Build.0 = Debug|Any CPU
		{90D15717-72E5-4D80-971B-FB93A7F04B2A}.Release|Any CPU.ActiveCfg = Release|Any CPU
		{90D15717-72E5-4D80-971B-FB93A7F04B2A}.Release|Any CPU.Build.0 = Release|Any CPU
		{43693B4C-E6B5-41A9-B3D0-00A06EB4FB3D}.Debug|Any CPU.ActiveCfg = Debug|Any CPU
		{43693B4C-E6B5-41A9-B3D0-00A06EB4FB3D}.Debug|Any CPU.Build.0 = Debug|Any CPU
		{43693B4C-E6B5-41A9-B3D0-00A06EB4FB3D}.Release|Any CPU.ActiveCfg = Release|Any CPU
		{43693B4C-E6B5-41A9-B3D0-00A06EB4FB3D}.Release|Any CPU.Build.0 = Release|Any CPU
	EndGlobalSection
	GlobalSection(SolutionProperties) = preSolution
		HideSolutionNode = FALSE
	EndGlobalSection
	GlobalSection(ExtensibilityGlobals) = postSolution
		SolutionGuid = {5BD1B2BC-6C70-41F4-8390-9C6619BB4FC2}
	EndGlobalSection
EndGlobal
